
Microsoft Visual Studio Solution File, Format Version 12.00
# Visual Studio Version 17
VisualStudioVersion = 17.9.34728.123
MinimumVisualStudioVersion = 10.0.40219.1
Project("{9A19103F-16F7-4668-BE54-9A1E7A4F7556}") = "Bimil.Engine", "..\bimil-engine\Bimil\Bimil.Engine\Bimil.Engine.csproj", "{71838D94-E7C9-45B9-84B2-37742B800878}"
EndProject
Project("{9A19103F-16F7-4668-BE54-9A1E7A4F7556}") = "Bimil.Game", "..\bimil-engine\Bimil\Bimil.Game\Bimil.Game.csproj", "{A76D75BD-06B8-49EC-9FB5-B96E52423195}"
EndProject
Global
	GlobalSection(SolutionConfigurationPlatforms) = preSolution
		Debug|Any CPU = Debug|Any CPU
		Release|Any CPU = Release|Any CPU
	EndGlobalSection
	GlobalSection(ProjectConfigurationPlatforms) = postSolution
		{71838D94-E7C9-45B9-84B2-37742B800878}.Debug|Any CPU.ActiveCfg = Debug|Any CPU
		{71838D94-E7C9-45B9-84B2-37742B800878}.Debug|Any CPU.Build.0 = Debug|Any CPU
		{71838D94-E7C9-45B9-84B2-37742B800878}.Release|Any CPU.ActiveCfg = Release|Any CPU
		{71838D94-E7C9-45B9-84B2-37742B800878}.Release|Any CPU.Build.0 = Release|Any CPU
		{A76D75BD-06B8-49EC-9FB5-B96E52423195}.Debug|Any CPU.ActiveCfg = Debug|Any CPU
		{A76D75BD-06B8-49EC-9FB5-B96E52423195}.Debug|Any CPU.Build.0 = Debug|Any CPU
		{A76D75BD-06B8-49EC-9FB5-B96E52423195}.Release|Any CPU.ActiveCfg = Release|Any CPU
		{A76D75BD-06B8-49EC-9FB5-B96E52423195}.Release|Any CPU.Build.0 = Release|Any CPU
	EndGlobalSection
	GlobalSection(SolutionProperties) = preSolution
		HideSolutionNode = FALSE
	EndGlobalSection
	GlobalSection(ExtensibilityGlobals) = postSolution
		SolutionGuid = {9FF0CBD7-959B-4BA5-972F-F41383B6D042}
	EndGlobalSection
EndGlobal
